github.com/Sirupsen/logrus v0.10.1-0.20160601113210-f3cfb454f4c2 h1:3BYvDlSNPyoYk6lr17s9IueNAabOBur3f3uVULjbhTA=
github.com/Sirupsen/logrus v0.10.1-0.20160601113210-f3cfb454f4c2/go.mod h1:rmk17hk6i8ZSAJkSDa7nOxamrG+SP4P0mm+DAvExv4U=
github.com/amfranz/go-xmlrpc-client v0.0.0-20190612172737-76858463955d h1:39lR6Kg+GsvDpLMD2Mb7gkjXmmLexqfr7SPy4iQWDTE=
github.com/amfranz/go-xmlrpc-client v0.0.0-20190612172737-76858463955d/go.mod h1:2NlXXRCkTbr/vZtUjcHKhbrESE4a3CDqVrgOROB16dg=
github.com/davecgh/go-spew v1.1.0 h1:ZDRjVQ15GmhC3fiQ8ni8+OwkZQO4DARzQgrnXU1Liz8=
github.com/davecgh/go-spew v1.1.0/go.mod h1:J7Y8YcW2NihsgmVo/mv3lAwl/skON4iLHjSsI+c5H38=
github.com/davecgh/go-spew v1.1.1/go.mod h1:J7Y8YcW2NihsgmVo/mv3lAwl/skON4iLHjSsI+c5H38=
github.com/dylanmei/iso8601 v0.1.0 h1:812NGQDBcqquTfH5Yeo7lwR0nzx/cKdsmf3qMjPURUI=
github.com/dylanmei/iso8601 v0.1.0/go.mod h1:w9KhXSgIyROl1DefbMYIE7UVSIvELTbMrCfx+QkYnoQ=
github.com/dylanmei/winrmtest v0.0.0-20151226195028-025617847eb2 h1:J29UzyZ34t5zmOLtGgjoSMpbCYCFooaNWlP/j+dX2Go=
github.com/dylanmei/winrmtest v0.0.0-20151226195028-025617847eb2/go.mod h1:VBVDFSBXCIW8JaHQpI8lldSKfYaLMzP9oyq6IJ4fhzY=
github.com/hashicorp/errwrap v0.0.0-20141028054710-7554cd9344ce h1:prjrVgOk2Yg6w+PflHoszQNLTUh4kaByUcEWM/9uin4=
github.com/hashicorp/errwrap v0.0.0-20141028054710-7554cd9344ce/go.mod h1:YH+1FKiLXxHSkmPseP+kNlulaMuP3n2brvKWEqk/Jc4=
github.com/hashicorp/go-multierror v0.0.0-20150916205742-d30f09973e19 h1:gb61U/o4ZJ6TRYvZqJUKYidIhJOEAvNyVMesryROxAY=
github.com/hashicorp/go-multierror v0.0.0-20150916205742-d30f09973e19/go.mod h1:JMRHfdO9jKNzS/+BTlxCjKNQHg/jZAft8U7LloJvN7I=
github.com/hashicorp/go-version v0.0.0-20160119211326-7e3c02b30806 h1:0MKTKHll8VOZ0ciR+yTIEJ8JrT0UUiRDsgtujJT7a8U=
github.com/hashicorp/go-version v0.0.0-20160119211326-7e3c02b30806/go.mod h1:fltr4n8CU8Ke44wwGCBoEymUuxUHl09ZGVZPK5anwXA=
github.com/hashicorp/yamux v0.0.0-20151129044643-df949784da9e h1:R35YxgX/iWqsDjzoNO/7uFf8vjcgBIc02rvaV/Vr15c=
github.com/hashicorp/yamux v0.0.0-20151129044643-df949784da9e/go.mod h1:+NfK9FKeTrX5uv1uIXGdwYDTeHna2qgaIlx54MXqjAM=
github.com/kolo/xmlrpc v0.0.0-20200310150728-e0350524596b h1:DzHy0GlWeF0KAglaTMY7Q+khIFoG8toHP+wLFBVBQJc=
github.com/kolo/xmlrpc v0.0.0-20200310150728-e0350524596b/go.mod h1:o03bZfuBwAXHetKXuInt4S7omeXUu62/A845kiycsSQ=
github.com/konsorten/go-windows-terminal-sequences v1.0.3/go.mod h1:T0+1ngSBFLxvqU3pZ+m/2kptfBszLMUkC4ZK/EgS/cQ=
github.com/kr/fs v0.0.0-20131111012553-2788f0dbd169 h1:YUrU1/jxRqnt0PSrKj1Uj/wEjk/fjnE80QFfi2Zlj7Q=
github.com/kr/fs v0.0.0-20131111012553-2788f0dbd169/go.mod h1:glhvuHOU9Hy7/8PwwdtnarXqLagOX0b/TbZx2zLMqEg=
github.com/kr/pty v1.1.1/go.mod h1:pFQYn66WHrOpPYNljwOMqo10TkYh1fy3cYio2l3bCsQ=
github.com/kr/text v0.1.0 h1:45sCR5RtlFHMR4UwH9sdQ5TC8v0qDQCHnXt+kaKSTVE=
github.com/kr/text v0.1.0/go.mod h1:4Jbv+DJW3UT/LiOwJeYQe1efqtUx/iVham/4vfdArNI=
github.com/masterzen/simplexml v0.0.0-20140219194429-95ba30457eb1 h1:cLEbk5d4t8CDqmQtCMc2lk91cflxOrj31k9LTIabPoA=
github.com/masterzen/simplexml v0.0.0-20140219194429-95ba30457eb1/go.mod h1:kCEbxUJlNDEBNbdQMkPSp6yaKcRXVI6f4ddk8Riv4bc=
github.com/masterzen/winrm v0.0.0-20151214220635-54ea5d01478c h1:qhyvK0cWkEirK1O/Kz1NLY1PUnOLONqvbdLaFjOYj+A=
github.com/masterzen/winrm v0.0.0-20151214220635-54ea5d01478c/go.mod h1:CfZSN7zwz5gJiFhZJz49Uzk7mEBHIceWmbFmYx7Hf7E=
github.com/masterzen/xmlpath v0.0.0-20140218185901-13f4951698ad h1:x50MyJNOPLsHR1euYRIaBx3Z2wlE0UPfZOHSYD+Flo0=
github.com/masterzen/xmlpath v0.0.0-20140218185901-13f4951698ad/go.mod h1:A0zPC53iKKKcXYxr4ROjpQRQ5FgJXtelNdSmHHuq/tY=
github.com/mitchellh/go-fs v0.0.0-20150611040906-a34c1b9334e8 h1:UCZ0aWSjQ9BAqutuze9boB7V75PRtZrBdNQ2FNgr3cg=
github.com/mitchellh/go-fs v0.0.0-20150611040906-a34c1b9334e8/go.mod h1:g7SZj7ABpStq3tM4zqHiVEG5un/DZ1+qJJKO7qx1EvU=
github.com/mitchellh/go-vnc v0.0.0-20150629162542-723ed9867aed h1:FI2NIv6fpef6BQl2u3IZX/Cj20tfypRF4yd+uaHOMtI=
github.com/mitchellh/go-vnc v0.0.0-20150629162542-723ed9867aed/go.mod h1:3rdaFaCv4AyBgu5ALFM0+tSuHrBh6v692nyQe3ikrq0=
github.com/mitchellh/iochan v0.0.0-20150529224432-87b45ffd0e95 h1:aHWVygBsLb+Kls/35B3tevL1hvDxZ0UklPA0BmhqTEk=
github.com/mitchellh/iochan v0.0.0-20150529224432-87b45ffd0e95/go.mod h1:JwYml1nuB7xOzsp52dPpHFffvOCDupsG0QubkSMEySY=
github.com/mitchellh/mapstructure v0.0.0-20150717051158-281073eb9eb0 h1:6VeKv8nNMVKA6qmZLYnPTx0tJ//NbDj1SbubWIikJ9k=
github.com/mitchellh/mapstructure v0.0.0-20150717051158-281073eb9eb0/go.mod h1:FVVH3fgwuzCH5S8UJGiWEs2h04kUh9fWfEaFds41c1Y=
github.com/mitchellh/multistep v0.0.0-20140407010115-162146fc5711 h1:wYK+RW7LV1GJQf1XzS7gL8zVBa+3C963Dsy2Hduzse0=
github.com/mitchellh/multistep v0.0.0-20140407010115-162146fc5711/go.mod h1:tZVWRY9V2OVYseuyNEjh0rb7qkeCMl+kRSGLqUEhFNg=
github.com/mitchellh/osext v0.0.0-20151018003038-5e2d6d41470f/go.mod h1:OkQIRizQZAeMln+1tSwduZz7+Af5oFlKirV/MSYes2A=
github.com/mitchellh/packer v0.10.2-0.20160629004225-63edbd40edc5 h1:s+nOB41LJjSQe7yeqNVEJll6IY/cViGUckFFoqP6whw=
github.com/mitchellh/packer v0.10.2-0.20160629004225-63edbd40edc5/go.mod h1:3TnGTkplC/koV8K6bCfCN1NB34Tye7lmUzo55/X5wqw=
github.com/mitchellh/reflectwalk v0.0.0-20150527153153-eecf4c70c626 h1:88u9H4mNODBcQUwlNpl6+jBhdoYT3WSi0w4hpYaYZ/o=
github.com/mitchellh/reflectwalk v0.0.0-20150527153153-eecf4c70c626/go.mod h1:mSTlrgnPZtwu0c4WaC2kGObEpuNDbx0jmZXqmk4esnw=
github.com/niemeyer/pretty v0.0.0-20200227124842-a10e7caefd8e h1:fD57ERR4JtEqsWbfPhv4DMiApHyliiK5xCTNVSPiaAs=
github.com/niemeyer/pretty v0.0.0-20200227124842-a10e7caefd8e/go.mod h1:zD1mROLANZcx1PVRCS0qkT7pwLkGfwJo4zjcN/Tysno=
github.com/nu7hatch/gouuid v0.0.0-20131221200532-179d4d0c4d8d h1:VhgPp6v9qf9Agr/56bj7Y/xa04UccTW04VP0Qed4vnQ=
github.com/nu7hatch/gouuid v0.0.0-20131221200532-179d4d0c4d8d/go.mod h1:YUTz3bUH2ZwIWBy3CJBeOBEugqcmXREj14T+iG/4k4U=
github.com/packer-community/winrmcp v0.0.0-20160310040704-f1bcf36a69fa h1:ePOmpdPK/UHhi2SKiOxFiC76BZXaG3FMOzxKxIH/kAE=
github.com/packer-community/winrmcp v0.0.0-20160310040704-f1bcf36a69fa/go.mod h1:f6Izs6JvFTdnRbziASagjZ2vmf55NSIkC/weStxCHqk=
github.com/pkg/sftp v0.0.0-20160118190721-e84cc8c755ca h1:k8gsErq3rkcbAyCnpOycQsbw88NjCHk7L3KfBZKhQDQ=
github.com/pkg/sftp v0.0.0-20160118190721-e84cc8c755ca/go.mod h1:NxmoDg/QLVWluQDUYG7XBZTLUpKeFa8e3aMf1BfjyHk=
github.com/pmezard/go-difflib v1.0.0 h1:4DBwDE0NGyQoBHbLQYPwSUPoCMWR5BEzIk/f1lZbAQM=
github.com/pmezard/go-difflib v1.0.0/go.mod h1:iKH77koFhYxTK1pcRnkKkqfTogsbg7gZNVY4sRDYZ/4=
github.com/satori/go.uuid v0.0.0-20151028231719-d41af8bb6a77 h1:X4eLA68fCmv+kFpUBFXIhv5wD5IFVB+oWUxjmpyl02c=
github.com/satori/go.uuid v0.0.0-20151028231719-d41af8bb6a77/go.mod h1:dA0hQrYB0VpLJoorglMZABFdXlWrHn1NEOzdhQKdks0=
github.com/sirupsen/logrus v1.6.0/go.mod h1:7uNnSEd1DgxDLC74fIahvMZmmYsHGZGEOFrfsX/uA88=
github.com/stretchr/objx v0.1.0/go.mod h1:HFkY916IF+rwdDfMAkV7OtwuqBVzrE8GR6GFx+wExME=
github.com/stretchr/testify v1.2.2/go.mod h1:a8OnRcib4nhh0OaRAV+Yts87kKdq0PP7pXfy6kDkUVs=
github.com/stretchr/testify v1.6.1 h1:hDPOHmpOpP40lSULcqw7IrRb/u7w6RpDC9399XyoNd0=
github.com/stretchr/testify v1.6.1/go.mod h1:6Fq8oRcR53rry900zMqJjRRixrwX3KX962/h/Wwjteg=
github.com/terra-farm/go-xen-api-client v0.0.1 h1:EigkWRuAwSktqwFwX1DV64RDWTZTTC0uwmP9W3xlLjE=
github.com/terra-farm/go-xen-api-client v0.0.1/go.mod h1:DDTy4ADe11t55X7nHKZ92rsU6fGHDjLbGmn3+ZqvZ2w=
github.com/ugorji/go v0.0.0-20151218193438-646ae4a518c1 h1:U6ufy3mLDgg9RYupntOvAF7xCmNNquyKaYaaVHo1Nnk=
github.com/ugorji/go v0.0.0-20151218193438-646ae4a518c1/go.mod h1:hnLbHMwcvSihnDhEfx2/BzKp2xb0Y+ErdfYcrs9tkJQ=
github.com/xenserver/go-xenserver-client v0.0.0-20150518141242-42dc9035c2e8 h1:5VQ4LGdVcauqxTlnAfwZY8KTn1XlJMxEHOIJqthKJtM=
github.com/xenserver/go-xenserver-client v0.0.0-20150518141242-42dc9035c2e8/go.mod h1:1ItwtwM/tObrp073TdWdvA+4lzAeWCDMJZ7fmntbJUc=
golang.org/x/crypto v0.0.0-20160126184038-1f22c0103821 h1:Ufz3iUGlZbo8uCQ3IddvmNoW0T2XwdZqjVpOrdtyO0c=
golang.org/x/crypto v0.0.0-20160126184038-1f22c0103821/go.mod h1:6SG95UA2DQfeDnfUPMdvaQW0Q7yPrPDi9nlGo2tz2b4=
golang.org/x/sys v0.0.0-20160204225817-50c6bc5e4292 h1:FrW0lbpMBPKe4sGJsd3V/eCGzsC2ksMAG+LlbO74+VQ=
golang.org/x/sys v0.0.0-20160204225817-50c6bc5e4292/go.mod h1:STP8DvDyc/dI5b8T5hshtkjS+E42TnysNCUPdjciGhY=
golang.org/x/sys v0.0.0-20190422165155-953cdadca894/go.mod h1:h1NjWce9XRLGQEsW7wpKNCjG9DtNlClVuFLEZdDNbEs=
gopkg.in/check.v1 v0.0.0-20161208181325-20d25e280405/go.mod h1:Co6ibVJAznAaIkqp8huTwlJQCZ016jof/cbN4VW5Yz0=
gopkg.in/check.v1 v1.0.0-20200227125254-8fa46927fb4f h1:BLraFXnmrev5lT+xlilqcH8XK9/i0At2xKjWk4p6zsU=
gopkg.in/check.v1 v1.0.0-20200227125254-8fa46927fb4f/go.mod h1:Co6ibVJAznAaIkqp8huTwlJQCZ016jof/cbN4VW5Yz0=
gopkg.in/yaml.v3 v3.0.0-20200313102051-9f266ea9e77c h1:dUUwHk2QECo/6vqA44rthZ8ie2QXMNeKRTHCNY2nXvo=
gopkg.in/yaml.v3 v3.0.0-20200313102051-9f266ea9e77c/go.mod h1:K4uyk7z7BCEPqu6E+C64Yfv1cQ7kz7rIZviUmN+EgEM=
launchpad.net/gocheck v0.0.0-20140225173054-000000000087 h1:Izowp2XBH6Ya6rv+hqbceQyw/gSGoXfH/UPoTGduL54=
launchpad.net/gocheck v0.0.0-20140225173054-000000000087/go.mod h1:hj7XX3B/0A+80Vse0e+BUHsHMTEhd0O4cpUHr/e/BUM=
launchpad.net/xmlpath v0.0.0-20130614043138-000000000004 h1:B8nNZBUrx8YufDCAJjvO/lVs4GxXMQHyrjwJdJzXMFg=
launchpad.net/xmlpath v0.0.0-20130614043138-000000000004/go.mod h1:vqyExLOM3qBx7mvYRkoxjSCF945s0mbe7YynlKYXtsA=
